
Microsoft Visual Studio Solution File, Format Version 12.00
# Visual Studio Version 17
VisualStudioVersion = 17.14.36203.30 d17.14
MinimumVisualStudioVersion = 10.0.40219.1
Project("{FAE04EC0-301F-11D3-BF4B-00C04F79EFBC}") = "EstacionamentoSenac.API", "EstacionamentoSenac.API\EstacionamentoSenac.API.csproj", "{B37F5DC6-B78F-43EB-A277-E05011547A8D}"
EndProject
Global
	GlobalSection(SolutionConfigurationPlatforms) = preSolution
		Debug|Any CPU = Debug|Any CPU
		Release|Any CPU = Release|Any CPU
	EndGlobalSection
	GlobalSection(ProjectConfigurationPlatforms) = postSolution
		{B37F5DC6-B78F-43EB-A277-E05011547A8D}.Debug|Any CPU.ActiveCfg = Debug|Any CPU
		{B37F5DC6-B78F-43EB-A277-E05011547A8D}.Debug|Any CPU.Build.0 = Debug|Any CPU
		{B37F5DC6-B78F-43EB-A277-E05011547A8D}.Release|Any CPU.ActiveCfg = Release|Any CPU
		{B37F5DC6-B78F-43EB-A277-E05011547A8D}.Release|Any CPU.Build.0 = Release|Any CPU
	EndGlobalSection
	GlobalSection(SolutionProperties) = preSolution
		HideSolutionNode = FALSE
	EndGlobalSection
	GlobalSection(ExtensibilityGlobals) = postSolution
		SolutionGuid = {81F0696E-9DB4-4001-91B2-42243411078A}
	EndGlobalSection
EndGlobal
